
Microsoft Visual Studio Solution File, Format Version 12.00
# Visual Studio Version 16
VisualStudioVersion = 16.0.29230.47
MinimumVisualStudioVersion = 10.0.40219.1
Project("{FAE04EC0-301F-11D3-BF4B-00C04F79EFBC}") = "Quiz", "Quiz\Quiz.csproj", "{E50EE78A-9E98-4379-AF30-A3B4E1D3BDD2}"
EndProject
Global
	GlobalSection(SolutionConfigurationPlatforms) = preSolution
		Debug|Any CPU = Debug|Any CPU
		Release|Any CPU = Release|Any CPU
	EndGlobalSection
	GlobalSection(ProjectConfigurationPlatforms) = postSolution
		{E50EE78A-9E98-4379-AF30-A3B4E1D3BDD2}.Debug|Any CPU.ActiveCfg = Debug|Any CPU
		{E50EE78A-9E98-4379-AF30-A3B4E1D3BDD2}.Debug|Any CPU.Build.0 = Debug|Any CPU
		{E50EE78A-9E98-4379-AF30-A3B4E1D3BDD2}.Release|Any CPU.ActiveCfg = Release|Any CPU
		{E50EE78A-9E98-4379-AF30-A3B4E1D3BDD2}.Release|Any CPU.Build.0 = Release|Any CPU
	EndGlobalSection
	GlobalSection(SolutionProperties) = preSolution
		HideSolutionNode = FALSE
	EndGlobalSection
	GlobalSection(ExtensibilityGlobals) = postSolution
		SolutionGuid = {92D4A15A-BB77-4E5B-9967-4FB76748E790}
	EndGlobalSection
EndGlobal
